// !$*UTF8*$!
{
	archiveVersion = 1;
	classes = {
	};
	objectVersion = 50;
	objects = {

/* Begin PBXBuildFile section */
		48F2CE1521A691EE006A6A26 /* AppDelegate.m in Sources */ = {isa = PBXBuildFile; fileRef = 48F2CE1421A691EE006A6A26 /* AppDelegate.m */; };
		48F2CE1821A691EE006A6A26 /* ViewController.m in Sources */ = {isa = PBXBuildFile; fileRef = 48F2CE1721A691EE006A6A26 /* ViewController.m */; };
		48F2CE1B21A691EE006A6A26 /* Main.storyboard in Resources */ = {isa = PBXBuildFile; fileRef = 48F2CE1921A691EE006A6A26 /* Main.storyboard */; };
		48F2CE1D21A691F0006A6A26 /* Assets.xcassets in Resources */ = {isa = PBXBuildFile; fileRef = 48F2CE1C21A691F0006A6A26 /* Assets.xcassets */; };
		48F2CE2021A691F0006A6A26 /* LaunchScreen.storyboard in Resources */ = {isa = PBXBuildFile; fileRef = 48F2CE1E21A691F0006A6A26 /* LaunchScreen.storyboard */; };
		48F2CE2321A691F0006A6A26 /* main.m in Sources */ = {isa = PBXBuildFile; fileRef = 48F2CE2221A691F0006A6A26 /* main.m */; };
		48F2CE2D21A691F0006A6A26 /* ImitationJDHomeHeaderTests.m in Sources */ = {isa = PBXBuildFile; fileRef = 48F2CE2C21A691F0006A6A26 /* ImitationJDHomeHeaderTests.m */; };
		48F2CE3821A691F0006A6A26 /* ImitationJDHomeHeaderUITests.m in Sources */ = {isa = PBXBuildFile; fileRef = 48F2CE3721A691F0006A6A26 /* ImitationJDHomeHeaderUITests.m */; };
/* End PBXBuildFile section */

/* Begin PBXContainerItemProxy section */
		48F2CE2921A691F0006A6A26 /* PBXContainerItemProxy */ = {
			isa = PBXContainerItemProxy;
			containerPortal = 48F2CE0821A691EE006A6A26 /* Project object */;
			proxyType = 1;
			remoteGlobalIDString = 48F2CE0F21A691EE006A6A26;
			remoteInfo = ImitationJDHomeHeader;
		};
		48F2CE3421A691F0006A6A26 /* PBXContainerItemProxy */ = {
			isa = PBXContainerItemProxy;
			containerPortal = 48F2CE0821A691EE006A6A26 /* Project object */;
			proxyType = 1;
			remoteGlobalIDString = 48F2CE0F21A691EE006A6A26;
			remoteInfo = ImitationJDHomeHeader;
		};
/* End PBXContainerItemProxy section */

/* Begin PBXFileReference section */
		48F2CE1021A691EE006A6A26 /* ImitationJDHomeHeader.app */ = {isa = PBXFileReference; explicitFileType = wrapper.application; includeInIndex = 0; path = ImitationJDHomeHeader.app; sourceTree = BUILT_PRODUCTS_DIR; };
		48F2CE1321A691EE006A6A26 /* AppDelegate.h */ = {isa = PBXFileReference; lastKnownFileType = sourcecode.c.h; path = AppDelegate.h; sourceTree = "<group>"; };
		48F2CE1421A691EE006A6A26 /* AppDelegate.m */ = {isa = PBXFileReference; lastKnownFileType = sourcecode.c.objc; path = AppDelegate.m; sourceTree = "<group>"; };
		48F2CE1621A691EE006A6A26 /* ViewController.h */ = {isa = PBXFileReference; lastKnownFileType = sourcecode.c.h; path = ViewController.h; sourceTree = "<group>"; };
		48F2CE1721A691EE006A6A26 /* ViewController.m */ = {isa = PBXFileReference; lastKnownFileType = sourcecode.c.objc; path = ViewController.m; sourceTree = "<group>"; };
		48F2CE1A21A691EE006A6A26 /* Base */ = {isa = PBXFileReference; lastKnownFileType = file.storyboard; name = Base; path = Base.lproj/Main.storyboard; sourceTree = "<group>"; };
		48F2CE1C21A691F0006A6A26 /* Assets.xcassets */ = {isa = PBXFileReference; lastKnownFileType = folder.assetcatalog; path = Assets.xcassets; sourceTree = "<group>"; };
		48F2CE1F21A691F0006A6A26 /* Base */ = {isa = PBXFileReference; lastKnownFileType = file.storyboard; name = Base; path = Base.lproj/LaunchScreen.storyboard; sourceTree = "<group>"; };
		48F2CE2121A691F0006A6A26 /* Info.plist */ = {isa = PBXFileReference; lastKnownFileType = text.plist.xml; path = Info.plist; sourceTree = "<group>"; };
		48F2CE2221A691F0006A6A26 /* main.m */ = {isa = PBXFileReference; lastKnownFileType = sourcecode.c.objc; path = main.m; sourceTree = "<group>"; };
		48F2CE2821A691F0006A6A26 /* ImitationJDHomeHeaderTests.xctest */ = {isa = PBXFileReference; explicitFileType = wrapper.cfbundle; includeInIndex = 0; path = ImitationJDHomeHeaderTests.xctest; sourceTree = BUILT_PRODUCTS_DIR; };
		48F2CE2C21A691F0006A6A26 /* ImitationJDHomeHeaderTests.m */ = {isa = PBXFileReference; lastKnownFileType = sourcecode.c.objc; path = ImitationJDHomeHeaderTests.m; sourceTree = "<group>"; };
		48F2CE2E21A691F0006A6A26 /* Info.plist */ = {isa = PBXFileReference; lastKnownFileType = text.plist.xml; path = Info.plist; sourceTree = "<group>"; };
		48F2CE3321A691F0006A6A26 /* ImitationJDHomeHeaderUITests.xctest */ = {isa = PBXFileReference; explicitFileType = wrapper.cfbundle; includeInIndex = 0; path = ImitationJDHomeHeaderUITests.xctest; sourceTree = BUILT_PRODUCTS_DIR; };
		48F2CE3721A691F0006A6A26 /* ImitationJDHomeHeaderUITests.m */ = {isa = PBXFileReference; lastKnownFileType = sourcecode.c.objc; path = ImitationJDHomeHeaderUITests.m; sourceTree = "<group>"; };
		48F2CE3921A691F0006A6A26 /* Info.plist */ = {isa = PBXFileReference; lastKnownFileType = text.plist.xml; path = Info.plist; sourceTree = "<group>"; };
/* End PBXFileReference section */

/* Begin PBXFrameworksBuildPhase section */
		48F2CE0D21A691EE006A6A26 /* Frameworks */ = {
			isa = PBXFrameworksBuildPhase;
			buildActionMask = 2147483647;
			files = (
			);
			runOnlyForDeploymentPostprocessing = 0;
		};
		48F2CE2521A691F0006A6A26 /* Frameworks */ = {
			isa = PBXFrameworksBuildPhase;
			buildActionMask = 2147483647;
			files = (
			);
			runOnlyForDeploymentPostprocessing = 0;
		};
		48F2CE3021A691F0006A6A26 /* Frameworks */ = {
			isa = PBXFrameworksBuildPhase;
			buildActionMask = 2147483647;
			files = (
			);
			runOnlyForDeploymentPostprocessing = 0;
		};
/* End PBXFrameworksBuildPhase section */

/* Begin PBXGroup section */
		48F2CE0721A691EE006A6A26 = {
			isa = PBXGroup;
			children = (
				48F2CE1221A691EE006A6A26 /* ImitationJDHomeHeader */,
				48F2CE2B21A691F0006A6A26 /* ImitationJDHomeHeaderTests */,
				48F2CE3621A691F0006A6A26 /* ImitationJDHomeHeaderUITests */,
				48F2CE1121A691EE006A6A26 /* Products */,
			);
			sourceTree = "<group>";
		};
		48F2CE1121A691EE006A6A26 /* Products */ = {
			isa = PBXGroup;
			children = (
				48F2CE1021A691EE006A6A26 /* ImitationJDHomeHeader.app */,
				48F2CE2821A691F0006A6A26 /* ImitationJDHomeHeaderTests.xctest */,
				48F2CE3321A691F0006A6A26 /* ImitationJDHomeHeaderUITests.xctest */,
			);
			name = Products;
			sourceTree = "<group>";
		};
		48F2CE1221A691EE006A6A26 /* ImitationJDHomeHeader */ = {
			isa = PBXGroup;
			children = (
				48F2CE1321A691EE006A6A26 /* AppDelegate.h */,
				48F2CE1421A691EE006A6A26 /* AppDelegate.m */,
				48F2CE1621A691EE006A6A26 /* ViewController.h */,
				48F2CE1721A691EE006A6A26 /* ViewController.m */,
				48F2CE1921A691EE006A6A26 /* Main.storyboard */,
				48F2CE1C21A691F0006A6A26 /* Assets.xcassets */,
				48F2CE1E21A691F0006A6A26 /* LaunchScreen.storyboard */,
				48F2CE2121A691F0006A6A26 /* Info.plist */,
				48F2CE2221A691F0006A6A26 /* main.m */,
			);
			path = ImitationJDHomeHeader;
			sourceTree = "<group>";
		};
		48F2CE2B21A691F0006A6A26 /* ImitationJDHomeHeaderTests */ = {
			isa = PBXGroup;
			children = (
				48F2CE2C21A691F0006A6A26 /* ImitationJDHomeHeaderTests.m */,
				48F2CE2E21A691F0006A6A26 /* Info.plist */,
			);
			path = ImitationJDHomeHeaderTests;
			sourceTree = "<group>";
		};
		48F2CE3621A691F0006A6A26 /* ImitationJDHomeHeaderUITests */ = {
			isa = PBXGroup;
			children = (
				48F2CE3721A691F0006A6A26 /* ImitationJDHomeHeaderUITests.m */,
				48F2CE3921A691F0006A6A26 /* Info.plist */,
			);
			path = ImitationJDHomeHeaderUITests;
			sourceTree = "<group>";
		};
/* End PBXGroup section */

/* Begin PBXNativeTarget section */
		48F2CE0F21A691EE006A6A26 /* ImitationJDHomeHeader */ = {
			isa = PBXNativeTarget;
			buildConfigurationList = 48F2CE3C21A691F0006A6A26 /* Build configuration list for PBXNativeTarget "ImitationJDHomeHeader" */;
			buildPhases = (
				48F2CE0C21A691EE006A6A26 /* Sources */,
				48F2CE0D21A691EE006A6A26 /* Frameworks */,
				48F2CE0E21A691EE006A6A26 /* Resources */,
			);
			buildRules = (
			);
			dependencies = (
			);
			name = ImitationJDHomeHeader;
			productName = ImitationJDHomeHeader;
			productReference = 48F2CE1021A691EE006A6A26 /* ImitationJDHomeHeader.app */;
			productType = "com.apple.product-type.application";
		};
		48F2CE2721A691F0006A6A26 /* ImitationJDHomeHeaderTests */ = {
			isa = PBXNativeTarget;
			buildConfigurationList = 48F2CE3F21A691F0006A6A26 /* Build configuration list for PBXNativeTarget "ImitationJDHomeHeaderTests" */;
			buildPhases = (
				48F2CE2421A691F0006A6A26 /* Sources */,
				48F2CE2521A691F0006A6A26 /* Frameworks */,
				48F2CE2621A691F0006A6A26 /* Resources */,
			);
			buildRules = (
			);
			dependencies = (
				48F2CE2A21A691F0006A6A26 /* PBXTargetDependency */,
			);
			name = ImitationJDHomeHeaderTests;
			productName = ImitationJDHomeHeaderTests;
			productReference = 48F2CE2821A691F0006A6A26 /* ImitationJDHomeHeaderTests.xctest */;
			productType = "com.apple.product-type.bundle.unit-test";
		};
		48F2CE3221A691F0006A6A26 /* ImitationJDHomeHeaderUITests */ = {
			isa = PBXNativeTarget;
			buildConfigurationList = 48F2CE4221A691F0006A6A26 /* Build configuration list for PBXNativeTarget "ImitationJDHomeHeaderUITests" */;
			buildPhases = (
				48F2CE2F21A691F0006A6A26 /* Sources */,
				48F2CE3021A691F0006A6A26 /* Frameworks */,
				48F2CE3121A691F0006A6A26 /* Resources */,
			);
			buildRules = (
			);
			dependencies = (
				48F2CE3521A691F0006A6A26 /* PBXTargetDependency */,
			);
			name = ImitationJDHomeHeaderUITests;
			productName = ImitationJDHomeHeaderUITests;
			productReference = 48F2CE3321A691F0006A6A26 /* ImitationJDHomeHeaderUITests.xctest */;
			productType = "com.apple.product-type.bundle.ui-testing";
		};
/* End PBXNativeTarget section */

/* Begin PBXProject section */
		48F2CE0821A691EE006A6A26 /* Project object */ = {
			isa = PBXProject;
			attributes = {
				LastUpgradeCheck = 1010;
				ORGANIZATIONNAME = "石虎";
				TargetAttributes = {
					48F2CE0F21A691EE006A6A26 = {
						CreatedOnToolsVersion = 10.1;
					};
					48F2CE2721A691F0006A6A26 = {
						CreatedOnToolsVersion = 10.1;
						TestTargetID = 48F2CE0F21A691EE006A6A26;
					};
					48F2CE3221A691F0006A6A26 = {
						CreatedOnToolsVersion = 10.1;
						TestTargetID = 48F2CE0F21A691EE006A6A26;
					};
				};
			};
			buildConfigurationList = 48F2CE0B21A691EE006A6A26 /* Build configuration list for PBXProject "ImitationJDHomeHeader" */;
			compatibilityVersion = "Xcode 9.3";
			developmentRegion = en;
			hasScannedForEncodings = 0;
			knownRegions = (
				en,
				Base,
			);
			mainGroup = 48F2CE0721A691EE006A6A26;
			productRefGroup = 48F2CE1121A691EE006A6A26 /* Products */;
			projectDirPath = "";
			projectRoot = "";
			targets = (
				48F2CE0F21A691EE006A6A26 /* ImitationJDHomeHeader */,
				48F2CE2721A691F0006A6A26 /* ImitationJDHomeHeaderTests */,
				48F2CE3221A691F0006A6A26 /* ImitationJDHomeHeaderUITests */,
			);
		};
/* End PBXProject section */

/* Begin PBXResourcesBuildPhase section */
		48F2CE0E21A691EE006A6A26 /* Resources */ = {
			isa = PBXResourcesBuildPhase;
			buildActionMask = 2147483647;
			files = (
				48F2CE2021A691F0006A6A26 /* LaunchScreen.storyboard in Resources */,
				48F2CE1D21A691F0006A6A26 /* Assets.xcassets in Resources */,
				48F2CE1B21A691EE006A6A26 /* Main.storyboard in Resources */,
			);
			runOnlyForDeploymentPostprocessing = 0;
		};
		48F2CE2621A691F0006A6A26 /* Resources */ = {
			isa = PBXResourcesBuildPhase;
			buildActionMask = 2147483647;
			files = (
			);
			runOnlyForDeploymentPostprocessing = 0;
		};
		48F2CE3121A691F0006A6A26 /* Resources */ = {
			isa = PBXResourcesBuildPhase;
			buildActionMask = 2147483647;
			files = (
			);
			runOnlyForDeploymentPostprocessing = 0;
		};
/* End PBXResourcesBuildPhase section */

/* Begin PBXSourcesBuildPhase section */
		48F2CE0C21A691EE006A6A26 /* Sources */ = {
			isa = PBXSourcesBuildPhase;
			buildActionMask = 2147483647;
			files = (
				48F2CE1821A691EE006A6A26 /* ViewController.m in Sources */,
				48F2CE2321A691F0006A6A26 /* main.m in Sources */,
				48F2CE1521A691EE006A6A26 /* AppDelegate.m in Sources */,
			);
			runOnlyForDeploymentPostprocessing = 0;
		};
		48F2CE2421A691F0006A6A26 /* Sources */ = {
			isa = PBXSourcesBuildPhase;
			buildActionMask = 2147483647;
			files = (
				48F2CE2D21A691F0006A6A26 /* ImitationJDHomeHeaderTests.m in Sources */,
			);
			runOnlyForDeploymentPostprocessing = 0;
		};
		48F2CE2F21A691F0006A6A26 /* Sources */ = {
			isa = PBXSourcesBuildPhase;
			buildActionMask = 2147483647;
			files = (
				48F2CE3821A691F0006A6A26 /* ImitationJDHomeHeaderUITests.m in Sources */,
			);
			runOnlyForDeploymentPostprocessing = 0;
		};
/* End PBXSourcesBuildPhase section */

/* Begin PBXTargetDependency section */
		48F2CE2A21A691F0006A6A26 /* PBXTargetDependency */ = {
			isa = PBXTargetDependency;
			target = 48F2CE0F21A691EE006A6A26 /* ImitationJDHomeHeader */;
			targetProxy = 48F2CE2921A691F0006A6A26 /* PBXContainerItemProxy */;
		};
		48F2CE3521A691F0006A6A26 /* PBXTargetDependency */ = {
			isa = PBXTargetDependency;
			target = 48F2CE0F21A691EE006A6A26 /* ImitationJDHomeHeader */;
			targetProxy = 48F2CE3421A691F0006A6A26 /* PBXContainerItemProxy */;
		};
/* End PBXTargetDependency section */

/* Begin PBXVariantGroup section */
		48F2CE1921A691EE006A6A26 /* Main.storyboard */ = {
			isa = PBXVariantGroup;
			children = (
				48F2CE1A21A691EE006A6A26 /* Base */,
			);
			name = Main.storyboard;
			sourceTree = "<group>";
		};
		48F2CE1E21A691F0006A6A26 /* LaunchScreen.storyboard */ = {
			isa = PBXVariantGroup;
			children = (
				48F2CE1F21A691F0006A6A26 /* Base */,
			);
			name = LaunchScreen.storyboard;
			sourceTree = "<group>";
		};
/* End PBXVariantGroup section */

/* Begin XCBuildConfiguration section */
		48F2CE3A21A691F0006A6A26 /* Debug */ = {
			isa = XCBuildConfiguration;
			buildSettings = {
				ALWAYS_SEARCH_USER_PATHS = NO;
				CLANG_ANALYZER_NONNULL = YES;
				CLANG_ANALYZER_NUMBER_OBJECT_CONVERSION = YES_AGGRESSIVE;
				CLANG_CXX_LANGUAGE_STANDARD = "gnu++14";
				CLANG_CXX_LIBRARY = "libc++";
				CLANG_ENABLE_MODULES = YES;
				CLANG_ENABLE_OBJC_ARC = YES;
				CLANG_ENABLE_OBJC_WEAK = YES;
				CLANG_WARN_BLOCK_CAPTURE_AUTORELEASING = YES;
				CLANG_WARN_BOOL_CONVERSION = YES;
				CLANG_WARN_COMMA = YES;
				CLANG_WARN_CONSTANT_CONVERSION = YES;
				CLANG_WARN_DEPRECATED_OBJC_IMPLEMENTATIONS = YES;
				CLANG_WARN_DIRECT_OBJC_ISA_USAGE = YES_ERROR;
				CLANG_WARN_DOCUMENTATION_COMMENTS = YES;
				CLANG_WARN_EMPTY_BODY = YES;
				CLANG_WARN_ENUM_CONVERSION = YES;
				CLANG_WARN_INFINITE_RECURSION = YES;
				CLANG_WARN_INT_CONVERSION = YES;
				CLANG_WARN_NON_LITERAL_NULL_CONVERSION = YES;
				CLANG_WARN_OBJC_IMPLICIT_RETAIN_SELF = YES;
				CLANG_WARN_OBJC_LITERAL_CONVERSION = YES;
				CLANG_WARN_OBJC_ROOT_CLASS = YES_ERROR;
				CLANG_WARN_RANGE_LOOP_ANALYSIS = YES;
				CLANG_WARN_STRICT_PROTOTYPES = YES;
				CLANG_WARN_SUSPICIOUS_MOVE = YES;
				CLANG_WARN_UNGUARDED_AVAILABILITY = YES_AGGRESSIVE;
				CLANG_WARN_UNREACHABLE_CODE = YES;
				CLANG_WARN__DUPLICATE_METHOD_MATCH = YES;
				CODE_SIGN_IDENTITY = "iPhone Developer";
				COPY_PHASE_STRIP = NO;
				DEBUG_INFORMATION_FORMAT = dwarf;
				ENABLE_STRICT_OBJC_MSGSEND = YES;
				ENABLE_TESTABILITY = YES;
				GCC_C_LANGUAGE_STANDARD = gnu11;
				GCC_DYNAMIC_NO_PIC = NO;
				GCC_NO_COMMON_BLOCKS = YES;
				GCC_OPTIMIZATION_LEVEL = 0;
				GCC_PREPROCESSOR_DEFINITIONS = (
					"DEBUG=1",
					"$(inherited)",
				);
				GCC_WARN_64_TO_32_BIT_CONVERSION = YES;
				GCC_WARN_ABOUT_RETURN_TYPE = YES_ERROR;
				GCC_WARN_UNDECLARED_SELECTOR = YES;
				GCC_WARN_UNINITIALIZED_AUTOS = YES_AGGRESSIVE;
				GCC_WARN_UNUSED_FUNCTION = YES;
				GCC_WARN_UNUSED_VARIABLE = YES;
				IPHONEOS_DEPLOYMENT_TARGET = 12.1;
				MTL_ENABLE_DEBUG_INFO = INCLUDE_SOURCE;
				MTL_FAST_MATH = YES;
				ONLY_ACTIVE_ARCH = YES;
				SDKROOT = iphoneos;
			};
			name = Debug;
		};
		48F2CE3B21A691F0006A6A26 /* Release */ = {
			isa = XCBuildConfiguration;
			buildSettings = {
				ALWAYS_SEARCH_USER_PATHS = NO;
				CLANG_ANALYZER_NONNULL = YES;
				CLANG_ANALYZER_NUMBER_OBJECT_CONVERSION = YES_AGGRESSIVE;
				CLANG_CXX_LANGUAGE_STANDARD = "gnu++14";
				CLANG_CXX_LIBRARY = "libc++";
				CLANG_ENABLE_MODULES = YES;
				CLANG_ENABLE_OBJC_ARC = YES;
				CLANG_ENABLE_OBJC_WEAK = YES;
				CLANG_WARN_BLOCK_CAPTURE_AUTORELEASING = YES;
				CLANG_WARN_BOOL_CONVERSION = YES;
				CLANG_WARN_COMMA = YES;
				CLANG_WARN_CONSTANT_CONVERSION = YES;
				CLANG_WARN_DEPRECATED_OBJC_IMPLEMENTATIONS = YES;
				CLANG_WARN_DIRECT_OBJC_ISA_USAGE = YES_ERROR;
				CLANG_WARN_DOCUMENTATION_COMMENTS = YES;
				CLANG_WARN_EMPTY_BODY = YES;
				CLANG_WARN_ENUM_CONVERSION = YES;
				CLANG_WARN_INFINITE_RECURSION = YES;
				CLANG_WARN_INT_CONVERSION = YES;
				CLANG_WARN_NON_LITERAL_NULL_CONVERSION = YES;
				CLANG_WARN_OBJC_IMPLICIT_RETAIN_SELF = YES;
				CLANG_WARN_OBJC_LITERAL_CONVERSION = YES;
				CLANG_WARN_OBJC_ROOT_CLASS = YES_ERROR;
				CLANG_WARN_RANGE_LOOP_ANALYSIS = YES;
				CLANG_WARN_STRICT_PROTOTYPES = YES;
				CLANG_WARN_SUSPICIOUS_MOVE = YES;
				CLANG_WARN_UNGUARDED_AVAILABILITY = YES_AGGRESSIVE;
				CLANG_WARN_UNREACHABLE_CODE = YES;
				CLANG_WARN__DUPLICATE_METHOD_MATCH = YES;
				CODE_SIGN_IDENTITY = "iPhone Developer";
				COPY_PHASE_STRIP = NO;
				DEBUG_INFORMATION_FORMAT = "dwarf-with-dsym";
				ENABLE_NS_ASSERTIONS = NO;
				ENABLE_STRICT_OBJC_MSGSEND = YES;
				GCC_C_LANGUAGE_STANDARD = gnu11;
				GCC_NO_COMMON_BLOCKS = YES;
				GCC_WARN_64_TO_32_BIT_CONVERSION = YES;
				GCC_WARN_ABOUT_RETURN_TYPE = YES_ERROR;
				GCC_WARN_UNDECLARED_SELECTOR = YES;
				GCC_WARN_UNINITIALIZED_AUTOS = YES_AGGRESSIVE;
				GCC_WARN_UNUSED_FUNCTION = YES;
				GCC_WARN_UNUSED_VARIABLE = YES;
				IPHONEOS_DEPLOYMENT_TARGET = 12.1;
				MTL_ENABLE_DEBUG_INFO = NO;
				MTL_FAST_MATH = YES;
				SDKROOT = iphoneos;
				VALIDATE_PRODUCT = YES;
			};
			name = Release;
		};
		48F2CE3D21A691F0006A6A26 /* Debug */ = {
			isa = XCBuildConfiguration;
			buildSettings = {
				ASSETCATALOG_COMPILER_APPICON_NAME = AppIcon;
				CODE_SIGN_STYLE = Automatic;
				DEVELOPMENT_TEAM = V2RZ63X6NC;
				INFOPLIST_FILE = ImitationJDHomeHeader/Info.plist;
				LD_RUNPATH_SEARCH_PATHS = (
					"$(inherited)",
					"@executable_path/Frameworks",
				);
				PRODUCT_BUNDLE_IDENTIFIER = cn.shihu.ImitationJDHomeHeader;
				PRODUCT_NAME = "$(TARGET_NAME)";
				TARGETED_DEVICE_FAMILY = "1,2";
			};
			name = Debug;
		};
		48F2CE3E21A691F0006A6A26 /* Release */ = {
			isa = XCBuildConfiguration;
			buildSettings = {
				ASSETCATALOG_COMPILER_APPICON_NAME = AppIcon;
				CODE_SIGN_STYLE = Automatic;
				DEVELOPMENT_TEAM = V2RZ63X6NC;
				INFOPLIST_FILE = ImitationJDHomeHeader/Info.plist;
				LD_RUNPATH_SEARCH_PATHS = (
					"$(inherited)",
					"@executable_path/Frameworks",
				);
				PRODUCT_BUNDLE_IDENTIFIER = cn.shihu.ImitationJDHomeHeader;
				PRODUCT_NAME = "$(TARGET_NAME)";
				TARGETED_DEVICE_FAMILY = "1,2";
			};
			name = Release;
		};
		48F2CE4021A691F0006A6A26 /* Debug */ = {
			isa = XCBuildConfiguration;
			buildSettings = {
				BUNDLE_LOADER = "$(TEST_HOST)";
				CODE_SIGN_STYLE = Automatic;
				DEVELOPMENT_TEAM = V2RZ63X6NC;
				INFOPLIST_FILE = ImitationJDHomeHeaderTests/Info.plist;
				LD_RUNPATH_SEARCH_PATHS = (
					"$(inherited)",
					"@executable_path/Frameworks",
					"@loader_path/Frameworks",
				);
				PRODUCT_BUNDLE_IDENTIFIER = cn.shihu.ImitationJDHomeHeaderTests;
				PRODUCT_NAME = "$(TARGET_NAME)";
				TARGETED_DEVICE_FAMILY = "1,2";
				TEST_HOST = "$(BUILT_PRODUCTS_DIR)/ImitationJDHomeHeader.app/ImitationJDHomeHeader";
			};
			name = Debug;
		};
		48F2CE4121A691F0006A6A26 /* Release */ = {
			isa = XCBuildConfiguration;
			buildSettings = {
				BUNDLE_LOADER = "$(TEST_HOST)";
				CODE_SIGN_STYLE = Automatic;
				DEVELOPMENT_TEAM = V2RZ63X6NC;
				INFOPLIST_FILE = ImitationJDHomeHeaderTests/Info.plist;
				LD_RUNPATH_SEARCH_PATHS = (
					"$(inherited)",
					"@executable_path/Frameworks",
					"@loader_path/Frameworks",
				);
				PRODUCT_BUNDLE_IDENTIFIER = cn.shihu.ImitationJDHomeHeaderTests;
				PRODUCT_NAME = "$(TARGET_NAME)";
				TARGETED_DEVICE_FAMILY = "1,2";
				TEST_HOST = "$(BUILT_PRODUCTS_DIR)/ImitationJDHomeHeader.app/ImitationJDHomeHeader";
			};
			name = Release;
		};
		48F2CE4321A691F0006A6A26 /* Debug */ = {
			isa = XCBuildConfiguration;
			buildSettings = {
				CODE_SIGN_STYLE = Automatic;
				DEVELOPMENT_TEAM = V2RZ63X6NC;
				INFOPLIST_FILE = ImitationJDHomeHeaderUITests/Info.plist;
				LD_RUNPATH_SEARCH_PATHS = (
					"$(inherited)",
					"@executable_path/Frameworks",
					"@loader_path/Frameworks",
				);
				PRODUCT_BUNDLE_IDENTIFIER = cn.shihu.ImitationJDHomeHeaderUITests;
				PRODUCT_NAME = "$(TARGET_NAME)";
				TARGETED_DEVICE_FAMILY = "1,2";
				TEST_TARGET_NAME = ImitationJDHomeHeader;
			};
			name = Debug;
		};
		48F2CE4421A691F0006A6A26 /* Release */ = {
			isa = XCBuildConfiguration;
			buildSettings = {
				CODE_SIGN_STYLE = Automatic;
				DEVELOPMENT_TEAM = V2RZ63X6NC;
				INFOPLIST_FILE = ImitationJDHomeHeaderUITests/Info.plist;
				LD_RUNPATH_SEARCH_PATHS = (
					"$(inherited)",
					"@executable_path/Frameworks",
					"@loader_path/Frameworks",
				);
				PRODUCT_BUNDLE_IDENTIFIER = cn.shihu.ImitationJDHomeHeaderUITests;
				PRODUCT_NAME = "$(TARGET_NAME)";
				TARGETED_DEVICE_FAMILY = "1,2";
				TEST_TARGET_NAME = ImitationJDHomeHeader;
			};
			name = Release;
		};
/* End XCBuildConfiguration section */

/* Begin XCConfigurationList section */
		48F2CE0B21A691EE006A6A26 /* Build configuration list for PBXProject "ImitationJDHomeHeader" */ = {
			isa = XCConfigurationList;
			buildConfigurations = (
				48F2CE3A21A691F0006A6A26 /* Debug */,
				48F2CE3B21A691F0006A6A26 /* Release */,
			);
			defaultConfigurationIsVisible = 0;
			defaultConfigurationName = Release;
		};
		48F2CE3C21A691F0006A6A26 /* Build configuration list for PBXNativeTarget "ImitationJDHomeHeader" */ = {
			isa = XCConfigurationList;
			buildConfigurations = (
				48F2CE3D21A691F0006A6A26 /* Debug */,
				48F2CE3E21A691F0006A6A26 /* Release */,
			);
			defaultConfigurationIsVisible = 0;
			defaultConfigurationName = Release;
		};
		48F2CE3F21A691F0006A6A26 /* Build configuration list for PBXNativeTarget "ImitationJDHomeHeaderTests" */ = {
			isa = XCConfigurationList;
			buildConfigurations = (
				48F2CE4021A691F0006A6A26 /* Debug */,
				48F2CE4121A691F0006A6A26 /* Release */,
			);
			defaultConfigurationIsVisible = 0;
			defaultConfigurationName = Release;
		};
		48F2CE4221A691F0006A6A26 /* Build configuration list for PBXNativeTarget "ImitationJDHomeHeaderUITests" */ = {
			isa = XCConfigurationList;
			buildConfigurations = (
				48F2CE4321A691F0006A6A26 /* Debug */,
				48F2CE4421A691F0006A6A26 /* Release */,
			);
			defaultConfigurationIsVisible = 0;
			defaultConfigurationName = Release;
		};
/* End XCConfigurationList section */
	};
	rootObject = 48F2CE0821A691EE006A6A26 /* Project object */;
}
